// !$*UTF8*$!
{
	archiveVersion = 1;
	classes = {
	};
	objectVersion = 50;
	objects = {

/* Begin PBXBuildFile section */
		2E378DA4241FD93E00AE975E /* AppDelegate.swift in Sources */ = {isa = PBXBuildFile; fileRef = 2E378DA3241FD93E00AE975E /* AppDelegate.swift */; };
		2E378DA6241FD93E00AE975E /* SceneDelegate.swift in Sources */ = {isa = PBXBuildFile; fileRef = 2E378DA5241FD93E00AE975E /* SceneDelegate.swift */; };
		2E378DA8241FD93E00AE975E /* ContentView.swift in Sources */ = {isa = PBXBuildFile; fileRef = 2E378DA7241FD93E00AE975E /* ContentView.swift */; };
		2E378DAA241FD94100AE975E /* Assets.xcassets in Resources */ = {isa = PBXBuildFile; fileRef = 2E378DA9241FD94100AE975E /* Assets.xcassets */; };
		2E378DAD241FD94100AE975E /* Preview Assets.xcassets in Resources */ = {isa = PBXBuildFile; fileRef = 2E378DAC241FD94100AE975E /* Preview Assets.xcassets */; };
		2E378DB0241FD94100AE975E /* LaunchScreen.storyboard in Resources */ = {isa = PBXBuildFile; fileRef = 2E378DAE241FD94100AE975E /* LaunchScreen.storyboard */; };
		2E378DBB241FD94100AE975E /* DesiginPatternsInSwiftTests.swift in Sources */ = {isa = PBXBuildFile; fileRef = 2E378DBA241FD94100AE975E /* DesiginPatternsInSwiftTests.swift */; };
		2E378DC6241FD94100AE975E /* DesiginPatternsInSwiftUITests.swift in Sources */ = {isa = PBXBuildFile; fileRef = 2E378DC5241FD94100AE975E /* DesiginPatternsInSwiftUITests.swift */; };
		2E740D712450864400AD659D /* YMVersion01.swift in Sources */ = {isa = PBXBuildFile; fileRef = 2E740D702450864400AD659D /* YMVersion01.swift */; };
/* End PBXBuildFile section */

/* Begin PBXContainerItemProxy section */
		2E378DB7241FD94100AE975E /* PBXContainerItemProxy */ = {
			isa = PBXContainerItemProxy;
			containerPortal = 2E378D98241FD93E00AE975E /* Project object */;
			proxyType = 1;
			remoteGlobalIDString = 2E378D9F241FD93E00AE975E;
			remoteInfo = DesiginPatternsInSwift;
		};
		2E378DC2241FD94100AE975E /* PBXContainerItemProxy */ = {
			isa = PBXContainerItemProxy;
			containerPortal = 2E378D98241FD93E00AE975E /* Project object */;
			proxyType = 1;
			remoteGlobalIDString = 2E378D9F241FD93E00AE975E;
			remoteInfo = DesiginPatternsInSwift;
		};
/* End PBXContainerItemProxy section */

/* Begin PBXFileReference section */
		2E378DA0241FD93E00AE975E /* DesiginPatternsInSwift.app */ = {isa = PBXFileReference; explicitFileType = wrapper.application; includeInIndex = 0; path = DesiginPatternsInSwift.app; sourceTree = BUILT_PRODUCTS_DIR; };
		2E378DA3241FD93E00AE975E /* AppDelegate.swift */ = {isa = PBXFileReference; lastKnownFileType = sourcecode.swift; path = AppDelegate.swift; sourceTree = "<group>"; };
		2E378DA5241FD93E00AE975E /* SceneDelegate.swift */ = {isa = PBXFileReference; lastKnownFileType = sourcecode.swift; path = SceneDelegate.swift; sourceTree = "<group>"; };
		2E378DA7241FD93E00AE975E /* ContentView.swift */ = {isa = PBXFileReference; lastKnownFileType = sourcecode.swift; path = ContentView.swift; sourceTree = "<group>"; };
		2E378DA9241FD94100AE975E /* Assets.xcassets */ = {isa = PBXFileReference; lastKnownFileType = folder.assetcatalog; path = Assets.xcassets; sourceTree = "<group>"; };
		2E378DAC241FD94100AE975E /* Preview Assets.xcassets */ = {isa = PBXFileReference; lastKnownFileType = folder.assetcatalog; path = "Preview Assets.xcassets"; sourceTree = "<group>"; };
		2E378DAF241FD94100AE975E /* Base */ = {isa = PBXFileReference; lastKnownFileType = file.storyboard; name = Base; path = Base.lproj/LaunchScreen.storyboard; sourceTree = "<group>"; };
		2E378DB1241FD94100AE975E /* Info.plist */ = {isa = PBXFileReference; lastKnownFileType = text.plist.xml; path = Info.plist; sourceTree = "<group>"; };
		2E378DB6241FD94100AE975E /* DesiginPatternsInSwiftTests.xctest */ = {isa = PBXFileReference; explicitFileType = wrapper.cfbundle; includeInIndex = 0; path = DesiginPatternsInSwiftTests.xctest; sourceTree = BUILT_PRODUCTS_DIR; };
		2E378DBA241FD94100AE975E /* DesiginPatternsInSwiftTests.swift */ = {isa = PBXFileReference; lastKnownFileType = sourcecode.swift; path = DesiginPatternsInSwiftTests.swift; sourceTree = "<group>"; };
		2E378DBC241FD94100AE975E /* Info.plist */ = {isa = PBXFileReference; lastKnownFileType = text.plist.xml; path = Info.plist; sourceTree = "<group>"; };
		2E378DC1241FD94100AE975E /* DesiginPatternsInSwiftUITests.xctest */ = {isa = PBXFileReference; explicitFileType = wrapper.cfbundle; includeInIndex = 0; path = DesiginPatternsInSwiftUITests.xctest; sourceTree = BUILT_PRODUCTS_DIR; };
		2E378DC5241FD94100AE975E /* DesiginPatternsInSwiftUITests.swift */ = {isa = PBXFileReference; lastKnownFileType = sourcecode.swift; path = DesiginPatternsInSwiftUITests.swift; sourceTree = "<group>"; };
		2E378DC7241FD94100AE975E /* Info.plist */ = {isa = PBXFileReference; lastKnownFileType = text.plist.xml; path = Info.plist; sourceTree = "<group>"; };
		2E740D702450864400AD659D /* YMVersion01.swift */ = {isa = PBXFileReference; lastKnownFileType = sourcecode.swift; path = YMVersion01.swift; sourceTree = "<group>"; };
/* End PBXFileReference section */

/* Begin PBXFrameworksBuildPhase section */
		2E378D9D241FD93E00AE975E /* Frameworks */ = {
			isa = PBXFrameworksBuildPhase;
			buildActionMask = 2147483647;
			files = (
			);
			runOnlyForDeploymentPostprocessing = 0;
		};
		2E378DB3241FD94100AE975E /* Frameworks */ = {
			isa = PBXFrameworksBuildPhase;
			buildActionMask = 2147483647;
			files = (
			);
			runOnlyForDeploymentPostprocessing = 0;
		};
		2E378DBE241FD94100AE975E /* Frameworks */ = {
			isa = PBXFrameworksBuildPhase;
			buildActionMask = 2147483647;
			files = (
			);
			runOnlyForDeploymentPostprocessing = 0;
		};
/* End PBXFrameworksBuildPhase section */

/* Begin PBXGroup section */
		2E378D97241FD93E00AE975E = {
			isa = PBXGroup;
			children = (
				2E378DA2241FD93E00AE975E /* DesiginPatternsInSwift */,
				2E378DB9241FD94100AE975E /* DesiginPatternsInSwiftTests */,
				2E378DC4241FD94100AE975E /* DesiginPatternsInSwiftUITests */,
				2E378DA1241FD93E00AE975E /* Products */,
			);
			sourceTree = "<group>";
		};
		2E378DA1241FD93E00AE975E /* Products */ = {
			isa = PBXGroup;
			children = (
				2E378DA0241FD93E00AE975E /* DesiginPatternsInSwift.app */,
				2E378DB6241FD94100AE975E /* DesiginPatternsInSwiftTests.xctest */,
				2E378DC1241FD94100AE975E /* DesiginPatternsInSwiftUITests.xctest */,
			);
			name = Products;
			sourceTree = "<group>";
		};
		2E378DA2241FD93E00AE975E /* DesiginPatternsInSwift */ = {
			isa = PBXGroup;
			children = (
				2E740D6E245084B800AD659D /* chapters */,
				2E378DA3241FD93E00AE975E /* AppDelegate.swift */,
				2E378DA5241FD93E00AE975E /* SceneDelegate.swift */,
				2E378DA7241FD93E00AE975E /* ContentView.swift */,
				2E378DA9241FD94100AE975E /* Assets.xcassets */,
				2E378DAE241FD94100AE975E /* LaunchScreen.storyboard */,
				2E378DB1241FD94100AE975E /* Info.plist */,
				2E378DAB241FD94100AE975E /* Preview Content */,
			);
			path = DesiginPatternsInSwift;
			sourceTree = "<group>";
		};
		2E378DAB241FD94100AE975E /* Preview Content */ = {
			isa = PBXGroup;
			children = (
				2E378DAC241FD94100AE975E /* Preview Assets.xcassets */,
			);
			path = "Preview Content";
			sourceTree = "<group>";
		};
		2E378DB9241FD94100AE975E /* DesiginPatternsInSwiftTests */ = {
			isa = PBXGroup;
			children = (
				2E378DBA241FD94100AE975E /* DesiginPatternsInSwiftTests.swift */,
				2E378DBC241FD94100AE975E /* Info.plist */,
			);
			path = DesiginPatternsInSwiftTests;
			sourceTree = "<group>";
		};
		2E378DC4241FD94100AE975E /* DesiginPatternsInSwiftUITests */ = {
			isa = PBXGroup;
			children = (
				2E378DC5241FD94100AE975E /* DesiginPatternsInSwiftUITests.swift */,
				2E378DC7241FD94100AE975E /* Info.plist */,
			);
			path = DesiginPatternsInSwiftUITests;
			sourceTree = "<group>";
		};
		2E740D6E245084B800AD659D /* chapters */ = {
			isa = PBXGroup;
			children = (
				2E740D6F2450859D00AD659D /* 4 */,
			);
			path = chapters;
			sourceTree = "<group>";
		};
		2E740D6F2450859D00AD659D /* 4 */ = {
			isa = PBXGroup;
			children = (
				2E740D702450864400AD659D /* YMVersion01.swift */,
			);
			path = 4;
			sourceTree = "<group>";
		};
/* End PBXGroup section */

/* Begin PBXNativeTarget section */
		2E378D9F241FD93E00AE975E /* DesiginPatternsInSwift */ = {
			isa = PBXNativeTarget;
			buildConfigurationList = 2E378DCA241FD94100AE975E /* Build configuration list for PBXNativeTarget "DesiginPatternsInSwift" */;
			buildPhases = (
				2E378D9C241FD93E00AE975E /* Sources */,
				2E378D9D241FD93E00AE975E /* Frameworks */,
				2E378D9E241FD93E00AE975E /* Resources */,
			);
			buildRules = (
			);
			dependencies = (
			);
			name = DesiginPatternsInSwift;
			productName = DesiginPatternsInSwift;
			productReference = 2E378DA0241FD93E00AE975E /* DesiginPatternsInSwift.app */;
			productType = "com.apple.product-type.application";
		};
		2E378DB5241FD94100AE975E /* DesiginPatternsInSwiftTests */ = {
			isa = PBXNativeTarget;
			buildConfigurationList = 2E378DCD241FD94100AE975E /* Build configuration list for PBXNativeTarget "DesiginPatternsInSwiftTests" */;
			buildPhases = (
				2E378DB2241FD94100AE975E /* Sources */,
				2E378DB3241FD94100AE975E /* Frameworks */,
				2E378DB4241FD94100AE975E /* Resources */,
			);
			buildRules = (
			);
			dependencies = (
				2E378DB8241FD94100AE975E /* PBXTargetDependency */,
			);
			name = DesiginPatternsInSwiftTests;
			productName = DesiginPatternsInSwiftTests;
			productReference = 2E378DB6241FD94100AE975E /* DesiginPatternsInSwiftTests.xctest */;
			productType = "com.apple.product-type.bundle.unit-test";
		};
		2E378DC0241FD94100AE975E /* DesiginPatternsInSwiftUITests */ = {
			isa = PBXNativeTarget;
			buildConfigurationList = 2E378DD0241FD94100AE975E /* Build configuration list for PBXNativeTarget "DesiginPatternsInSwiftUITests" */;
			buildPhases = (
				2E378DBD241FD94100AE975E /* Sources */,
				2E378DBE241FD94100AE975E /* Frameworks */,
				2E378DBF241FD94100AE975E /* Resources */,
			);
			buildRules = (
			);
			dependencies = (
				2E378DC3241FD94100AE975E /* PBXTargetDependency */,
			);
			name = DesiginPatternsInSwiftUITests;
			productName = DesiginPatternsInSwiftUITests;
			productReference = 2E378DC1241FD94100AE975E /* DesiginPatternsInSwiftUITests.xctest */;
			productType = "com.apple.product-type.bundle.ui-testing";
		};
/* End PBXNativeTarget section */

/* Begin PBXProject section */
		2E378D98241FD93E00AE975E /* Project object */ = {
			isa = PBXProject;
			attributes = {
				CLASSPREFIX = YM;
				LastSwiftUpdateCheck = 1130;
				LastUpgradeCheck = 1130;
				ORGANIZATIONNAME = yomi;
				TargetAttributes = {
					2E378D9F241FD93E00AE975E = {
						CreatedOnToolsVersion = 11.3.1;
					};
					2E378DB5241FD94100AE975E = {
						CreatedOnToolsVersion = 11.3.1;
						TestTargetID = 2E378D9F241FD93E00AE975E;
					};
					2E378DC0241FD94100AE975E = {
						CreatedOnToolsVersion = 11.3.1;
						TestTargetID = 2E378D9F241FD93E00AE975E;
					};
				};
			};
			buildConfigurationList = 2E378D9B241FD93E00AE975E /* Build configuration list for PBXProject "DesiginPatternsInSwift" */;
			compatibilityVersion = "Xcode 9.3";
			developmentRegion = en;
			hasScannedForEncodings = 0;
			knownRegions = (
				en,
				Base,
			);
			mainGroup = 2E378D97241FD93E00AE975E;
			productRefGroup = 2E378DA1241FD93E00AE975E /* Products */;
			projectDirPath = "";
			projectRoot = "";
			targets = (
				2E378D9F241FD93E00AE975E /* DesiginPatternsInSwift */,
				2E378DB5241FD94100AE975E /* DesiginPatternsInSwiftTests */,
				2E378DC0241FD94100AE975E /* DesiginPatternsInSwiftUITests */,
			);
		};
/* End PBXProject section */

/* Begin PBXResourcesBuildPhase section */
		2E378D9E241FD93E00AE975E /* Resources */ = {
			isa = PBXResourcesBuildPhase;
			buildActionMask = 2147483647;
			files = (
				2E378DB0241FD94100AE975E /* LaunchScreen.storyboard in Resources */,
				2E378DAD241FD94100AE975E /* Preview Assets.xcassets in Resources */,
				2E378DAA241FD94100AE975E /* Assets.xcassets in Resources */,
			);
			runOnlyForDeploymentPostprocessing = 0;
		};
		2E378DB4241FD94100AE975E /* Resources */ = {
			isa = PBXResourcesBuildPhase;
			buildActionMask = 2147483647;
			files = (
			);
			runOnlyForDeploymentPostprocessing = 0;
		};
		2E378DBF241FD94100AE975E /* Resources */ = {
			isa = PBXResourcesBuildPhase;
			buildActionMask = 2147483647;
			files = (
			);
			runOnlyForDeploymentPostprocessing = 0;
		};
/* End PBXResourcesBuildPhase section */

/* Begin PBXSourcesBuildPhase section */
		2E378D9C241FD93E00AE975E /* Sources */ = {
			isa = PBXSourcesBuildPhase;
			buildActionMask = 2147483647;
			files = (
				2E378DA4241FD93E00AE975E /* AppDelegate.swift in Sources */,
				2E740D712450864400AD659D /* YMVersion01.swift in Sources */,
				2E378DA6241FD93E00AE975E /* SceneDelegate.swift in Sources */,
				2E378DA8241FD93E00AE975E /* ContentView.swift in Sources */,
			);
			runOnlyForDeploymentPostprocessing = 0;
		};
		2E378DB2241FD94100AE975E /* Sources */ = {
			isa = PBXSourcesBuildPhase;
			buildActionMask = 2147483647;
			files = (
				2E378DBB241FD94100AE975E /* DesiginPatternsInSwiftTests.swift in Sources */,
			);
			runOnlyForDeploymentPostprocessing = 0;
		};
		2E378DBD241FD94100AE975E /* Sources */ = {
			isa = PBXSourcesBuildPhase;
			buildActionMask = 2147483647;
			files = (
				2E378DC6241FD94100AE975E /* DesiginPatternsInSwiftUITests.swift in Sources */,
			);
			runOnlyForDeploymentPostprocessing = 0;
		};
/* End PBXSourcesBuildPhase section */

/* Begin PBXTargetDependency section */
		2E378DB8241FD94100AE975E /* PBXTargetDependency */ = {
			isa = PBXTargetDependency;
			target = 2E378D9F241FD93E00AE975E /* DesiginPatternsInSwift */;
			targetProxy = 2E378DB7241FD94100AE975E /* PBXContainerItemProxy */;
		};
		2E378DC3241FD94100AE975E /* PBXTargetDependency */ = {
			isa = PBXTargetDependency;
			target = 2E378D9F241FD93E00AE975E /* DesiginPatternsInSwift */;
			targetProxy = 2E378DC2241FD94100AE975E /* PBXContainerItemProxy */;
		};
/* End PBXTargetDependency section */

/* Begin PBXVariantGroup section */
		2E378DAE241FD94100AE975E /* LaunchScreen.storyboard */ = {
			isa = PBXVariantGroup;
			children = (
				2E378DAF241FD94100AE975E /* Base */,
			);
			name = LaunchScreen.storyboard;
			sourceTree = "<group>";
		};
/* End PBXVariantGroup section */

/* Begin XCBuildConfiguration section */
		2E378DC8241FD94100AE975E /* Debug */ = {
			isa = XCBuildConfiguration;
			buildSettings = {
				ALWAYS_SEARCH_USER_PATHS = NO;
				CLANG_ANALYZER_NONNULL = YES;
				CLANG_ANALYZER_NUMBER_OBJECT_CONVERSION = YES_AGGRESSIVE;
				CLANG_CXX_LANGUAGE_STANDARD = "gnu++14";
				CLANG_CXX_LIBRARY = "libc++";
				CLANG_ENABLE_MODULES = YES;
				CLANG_ENABLE_OBJC_ARC = YES;
				CLANG_ENABLE_OBJC_WEAK = YES;
				CLANG_WARN_BLOCK_CAPTURE_AUTORELEASING = YES;
				CLANG_WARN_BOOL_CONVERSION = YES;
				CLANG_WARN_COMMA = YES;
				CLANG_WARN_CONSTANT_CONVERSION = YES;
				CLANG_WARN_DEPRECATED_OBJC_IMPLEMENTATIONS = YES;
				CLANG_WARN_DIRECT_OBJC_ISA_USAGE = YES_ERROR;
				CLANG_WARN_DOCUMENTATION_COMMENTS = YES;
				CLANG_WARN_EMPTY_BODY = YES;
				CLANG_WARN_ENUM_CONVERSION = YES;
				CLANG_WARN_INFINITE_RECURSION = YES;
				CLANG_WARN_INT_CONVERSION = YES;
				CLANG_WARN_NON_LITERAL_NULL_CONVERSION = YES;
				CLANG_WARN_OBJC_IMPLICIT_RETAIN_SELF = YES;
				CLANG_WARN_OBJC_LITERAL_CONVERSION = YES;
				CLANG_WARN_OBJC_ROOT_CLASS = YES_ERROR;
				CLANG_WARN_RANGE_LOOP_ANALYSIS = YES;
				CLANG_WARN_STRICT_PROTOTYPES = YES;
				CLANG_WARN_SUSPICIOUS_MOVE = YES;
				CLANG_WARN_UNGUARDED_AVAILABILITY = YES_AGGRESSIVE;
				CLANG_WARN_UNREACHABLE_CODE = YES;
				CLANG_WARN__DUPLICATE_METHOD_MATCH = YES;
				COPY_PHASE_STRIP = NO;
				DEBUG_INFORMATION_FORMAT = dwarf;
				ENABLE_STRICT_OBJC_MSGSEND = YES;
				ENABLE_TESTABILITY = YES;
				GCC_C_LANGUAGE_STANDARD = gnu11;
				GCC_DYNAMIC_NO_PIC = NO;
				GCC_NO_COMMON_BLOCKS = YES;
				GCC_OPTIMIZATION_LEVEL = 0;
				GCC_PREPROCESSOR_DEFINITIONS = (
					"DEBUG=1",
					"$(inherited)",
				);
				GCC_WARN_64_TO_32_BIT_CONVERSION = YES;
				GCC_WARN_ABOUT_RETURN_TYPE = YES_ERROR;
				GCC_WARN_UNDECLARED_SELECTOR = YES;
				GCC_WARN_UNINITIALIZED_AUTOS = YES_AGGRESSIVE;
				GCC_WARN_UNUSED_FUNCTION = YES;
				GCC_WARN_UNUSED_VARIABLE = YES;
				IPHONEOS_DEPLOYMENT_TARGET = 13.2;
				MTL_ENABLE_DEBUG_INFO = INCLUDE_SOURCE;
				MTL_FAST_MATH = YES;
				ONLY_ACTIVE_ARCH = YES;
				SDKROOT = iphoneos;
				SWIFT_ACTIVE_COMPILATION_CONDITIONS = DEBUG;
				SWIFT_OPTIMIZATION_LEVEL = "-Onone";
			};
			name = Debug;
		};
		2E378DC9241FD94100AE975E /* Release */ = {
			isa = XCBuildConfiguration;
			buildSettings = {
				ALWAYS_SEARCH_USER_PATHS = NO;
				CLANG_ANALYZER_NONNULL = YES;
				CLANG_ANALYZER_NUMBER_OBJECT_CONVERSION = YES_AGGRESSIVE;
				CLANG_CXX_LANGUAGE_STANDARD = "gnu++14";
				CLANG_CXX_LIBRARY = "libc++";
				CLANG_ENABLE_MODULES = YES;
				CLANG_ENABLE_OBJC_ARC = YES;
				CLANG_ENABLE_OBJC_WEAK = YES;
				CLANG_WARN_BLOCK_CAPTURE_AUTORELEASING = YES;
				CLANG_WARN_BOOL_CONVERSION = YES;
				CLANG_WARN_COMMA = YES;
				CLANG_WARN_CONSTANT_CONVERSION = YES;
				CLANG_WARN_DEPRECATED_OBJC_IMPLEMENTATIONS = YES;
				CLANG_WARN_DIRECT_OBJC_ISA_USAGE = YES_ERROR;
				CLANG_WARN_DOCUMENTATION_COMMENTS = YES;
				CLANG_WARN_EMPTY_BODY = YES;
				CLANG_WARN_ENUM_CONVERSION = YES;
				CLANG_WARN_INFINITE_RECURSION = YES;
				CLANG_WARN_INT_CONVERSION = YES;
				CLANG_WARN_NON_LITERAL_NULL_CONVERSION = YES;
				CLANG_WARN_OBJC_IMPLICIT_RETAIN_SELF = YES;
				CLANG_WARN_OBJC_LITERAL_CONVERSION = YES;
				CLANG_WARN_OBJC_ROOT_CLASS = YES_ERROR;
				CLANG_WARN_RANGE_LOOP_ANALYSIS = YES;
				CLANG_WARN_STRICT_PROTOTYPES = YES;
				CLANG_WARN_SUSPICIOUS_MOVE = YES;
				CLANG_WARN_UNGUARDED_AVAILABILITY = YES_AGGRESSIVE;
				CLANG_WARN_UNREACHABLE_CODE = YES;
				CLANG_WARN__DUPLICATE_METHOD_MATCH = YES;
				COPY_PHASE_STRIP = NO;
				DEBUG_INFORMATION_FORMAT = "dwarf-with-dsym";
				ENABLE_NS_ASSERTIONS = NO;
				ENABLE_STRICT_OBJC_MSGSEND = YES;
				GCC_C_LANGUAGE_STANDARD = gnu11;
				GCC_NO_COMMON_BLOCKS = YES;
				GCC_WARN_64_TO_32_BIT_CONVERSION = YES;
				GCC_WARN_ABOUT_RETURN_TYPE = YES_ERROR;
				GCC_WARN_UNDECLARED_SELECTOR = YES;
				GCC_WARN_UNINITIALIZED_AUTOS = YES_AGGRESSIVE;
				GCC_WARN_UNUSED_FUNCTION = YES;
				GCC_WARN_UNUSED_VARIABLE = YES;
				IPHONEOS_DEPLOYMENT_TARGET = 13.2;
				MTL_ENABLE_DEBUG_INFO = NO;
				MTL_FAST_MATH = YES;
				SDKROOT = iphoneos;
				SWIFT_COMPILATION_MODE = wholemodule;
				SWIFT_OPTIMIZATION_LEVEL = "-O";
				VALIDATE_PRODUCT = YES;
			};
			name = Release;
		};
		2E378DCB241FD94100AE975E /* Debug */ = {
			isa = XCBuildConfiguration;
			buildSettings = {
				ASSETCATALOG_COMPILER_APPICON_NAME = AppIcon;
				CODE_SIGN_STYLE = Automatic;
				DEVELOPMENT_ASSET_PATHS = "\"DesiginPatternsInSwift/Preview Content\"";
				ENABLE_PREVIEWS = YES;
				INFOPLIST_FILE = DesiginPatternsInSwift/Info.plist;
				LD_RUNPATH_SEARCH_PATHS = (
					"$(inherited)",
					"@executable_path/Frameworks",
				);
				PRODUCT_BUNDLE_IDENTIFIER = com.yomi414.DesiginPatternsInSwift;
				PRODUCT_NAME = "$(TARGET_NAME)";
				SWIFT_VERSION = 5.0;
				TARGETED_DEVICE_FAMILY = "1,2";
			};
			name = Debug;
		};
		2E378DCC241FD94100AE975E /* Release */ = {
			isa = XCBuildConfiguration;
			buildSettings = {
				ASSETCATALOG_COMPILER_APPICON_NAME = AppIcon;
				CODE_SIGN_STYLE = Automatic;
				DEVELOPMENT_ASSET_PATHS = "\"DesiginPatternsInSwift/Preview Content\"";
				ENABLE_PREVIEWS = YES;
				INFOPLIST_FILE = DesiginPatternsInSwift/Info.plist;
				LD_RUNPATH_SEARCH_PATHS = (
					"$(inherited)",
					"@executable_path/Frameworks",
				);
				PRODUCT_BUNDLE_IDENTIFIER = com.yomi414.DesiginPatternsInSwift;
				PRODUCT_NAME = "$(TARGET_NAME)";
				SWIFT_VERSION = 5.0;
				TARGETED_DEVICE_FAMILY = "1,2";
			};
			name = Release;
		};
		2E378DCE241FD94100AE975E /* Debug */ = {
			isa = XCBuildConfiguration;
			buildSettings = {
				ALWAYS_EMBED_SWIFT_STANDARD_LIBRARIES = YES;
				BUNDLE_LOADER = "$(TEST_HOST)";
				CODE_SIGN_STYLE = Automatic;
				INFOPLIST_FILE = DesiginPatternsInSwiftTests/Info.plist;
				IPHONEOS_DEPLOYMENT_TARGET = 13.2;
				LD_RUNPATH_SEARCH_PATHS = (
					"$(inherited)",
					"@executable_path/Frameworks",
					"@loader_path/Frameworks",
				);
				PRODUCT_BUNDLE_IDENTIFIER = com.yomi414.DesiginPatternsInSwiftTests;
				PRODUCT_NAME = "$(TARGET_NAME)";
				SWIFT_VERSION = 5.0;
				TARGETED_DEVICE_FAMILY = "1,2";
				TEST_HOST = "$(BUILT_PRODUCTS_DIR)/DesiginPatternsInSwift.app/DesiginPatternsInSwift";
			};
			name = Debug;
		};
		2E378DCF241FD94100AE975E /* Release */ = {
			isa = XCBuildConfiguration;
			buildSettings = {
				ALWAYS_EMBED_SWIFT_STANDARD_LIBRARIES = YES;
				BUNDLE_LOADER = "$(TEST_HOST)";
				CODE_SIGN_STYLE = Automatic;
				INFOPLIST_FILE = DesiginPatternsInSwiftTests/Info.plist;
				IPHONEOS_DEPLOYMENT_TARGET = 13.2;
				LD_RUNPATH_SEARCH_PATHS = (
					"$(inherited)",
					"@executable_path/Frameworks",
					"@loader_path/Frameworks",
				);
				PRODUCT_BUNDLE_IDENTIFIER = com.yomi414.DesiginPatternsInSwiftTests;
				PRODUCT_NAME = "$(TARGET_NAME)";
				SWIFT_VERSION = 5.0;
				TARGETED_DEVICE_FAMILY = "1,2";
				TEST_HOST = "$(BUILT_PRODUCTS_DIR)/DesiginPatternsInSwift.app/DesiginPatternsInSwift";
			};
			name = Release;
		};
		2E378DD1241FD94100AE975E /* Debug */ = {
			isa = XCBuildConfiguration;
			buildSettings = {
				ALWAYS_EMBED_SWIFT_STANDARD_LIBRARIES = YES;
				CODE_SIGN_STYLE = Automatic;
				INFOPLIST_FILE = DesiginPatternsInSwiftUITests/Info.plist;
				LD_RUNPATH_SEARCH_PATHS = (
					"$(inherited)",
					"@executable_path/Frameworks",
					"@loader_path/Frameworks",
				);
				PRODUCT_BUNDLE_IDENTIFIER = com.yomi414.DesiginPatternsInSwiftUITests;
				PRODUCT_NAME = "$(TARGET_NAME)";
				SWIFT_VERSION = 5.0;
				TARGETED_DEVICE_FAMILY = "1,2";
				TEST_TARGET_NAME = DesiginPatternsInSwift;
			};
			name = Debug;
		};
		2E378DD2241FD94100AE975E /* Release */ = {
			isa = XCBuildConfiguration;
			buildSettings = {
				ALWAYS_EMBED_SWIFT_STANDARD_LIBRARIES = YES;
				CODE_SIGN_STYLE = Automatic;
				INFOPLIST_FILE = DesiginPatternsInSwiftUITests/Info.plist;
				LD_RUNPATH_SEARCH_PATHS = (
					"$(inherited)",
					"@executable_path/Frameworks",
					"@loader_path/Frameworks",
				);
				PRODUCT_BUNDLE_IDENTIFIER = com.yomi414.DesiginPatternsInSwiftUITests;
				PRODUCT_NAME = "$(TARGET_NAME)";
				SWIFT_VERSION = 5.0;
				TARGETED_DEVICE_FAMILY = "1,2";
				TEST_TARGET_NAME = DesiginPatternsInSwift;
			};
			name = Release;
		};
/* End XCBuildConfiguration section */

/* Begin XCConfigurationList section */
		2E378D9B241FD93E00AE975E /* Build configuration list for PBXProject "DesiginPatternsInSwift" */ = {
			isa = XCConfigurationList;
			buildConfigurations = (
				2E378DC8241FD94100AE975E /* Debug */,
				2E378DC9241FD94100AE975E /* Release */,
			);
			defaultConfigurationIsVisible = 0;
			defaultConfigurationName = Release;
		};
		2E378DCA241FD94100AE975E /* Build configuration list for PBXNativeTarget "DesiginPatternsInSwift" */ = {
			isa = XCConfigurationList;
			buildConfigurations = (
				2E378DCB241FD94100AE975E /* Debug */,
				2E378DCC241FD94100AE975E /* Release */,
			);
			defaultConfigurationIsVisible = 0;
			defaultConfigurationName = Release;
		};
		2E378DCD241FD94100AE975E /* Build configuration list for PBXNativeTarget "DesiginPatternsInSwiftTests" */ = {
			isa = XCConfigurationList;
			buildConfigurations = (
				2E378DCE241FD94100AE975E /* Debug */,
				2E378DCF241FD94100AE975E /* Release */,
			);
			defaultConfigurationIsVisible = 0;
			defaultConfigurationName = Release;
		};
		2E378DD0241FD94100AE975E /* Build configuration list for PBXNativeTarget "DesiginPatternsInSwiftUITests" */ = {
			isa = XCConfigurationList;
			buildConfigurations = (
				2E378DD1241FD94100AE975E /* Debug */,
				2E378DD2241FD94100AE975E /* Release */,
			);
			defaultConfigurationIsVisible = 0;
			defaultConfigurationName = Release;
		};
/* End XCConfigurationList section */
	};
	rootObject = 2E378D98241FD93E00AE975E /* Project object */;
}
